
Microsoft Visual Studio Solution File, Format Version 12.00
# Visual Studio Version 17
VisualStudioVersion = 17.5.33502.453
MinimumVisualStudioVersion = 10.0.40219.1
Project("{FAE04EC0-301F-11D3-BF4B-00C04F79EFBC}") = "必备知识_多脚本文件", "必备知识_多脚本文件\必备知识_多脚本文件.csproj", "{19EE1504-4492-4A27-80D9-659B357326C6}"
EndProject
Global
	GlobalSection(SolutionConfigurationPlatforms) = preSolution
		Debug|Any CPU = Debug|Any CPU
		Release|Any CPU = Release|Any CPU
	EndGlobalSection
	GlobalSection(ProjectConfigurationPlatforms) = postSolution
		{19EE1504-4492-4A27-80D9-659B357326C6}.Debug|Any CPU.ActiveCfg = Debug|Any CPU
		{19EE1504-4492-4A27-80D9-659B357326C6}.Debug|Any CPU.Build.0 = Debug|Any CPU
		{19EE1504-4492-4A27-80D9-659B357326C6}.Release|Any CPU.ActiveCfg = Release|Any CPU
		{19EE1504-4492-4A27-80D9-659B357326C6}.Release|Any CPU.Build.0 = Release|Any CPU
	EndGlobalSection
	GlobalSection(SolutionProperties) = preSolution
		HideSolutionNode = FALSE
	EndGlobalSection
	GlobalSection(ExtensibilityGlobals) = postSolution
		SolutionGuid = {14B6A342-00BF-4679-AF36-F49E92BE3948}
	EndGlobalSection
EndGlobal
